
Microsoft Visual Studio Solution File, Format Version 12.00
Project("{2150E333-8FDC-42A3-9474-1A3956D46DE8}") = "src", "src", "{5AD1023E-2A92-4CDC-951D-170B77AD9DB2}"
EndProject
Project("{FAE04EC0-301F-11D3-BF4B-00C04F79EFBC}") = "Itinero.Transit.Api", "src\Itinero.Transit.Api\Itinero.Transit.Api\Itinero.Transit.Api.csproj", "{71749D4C-D58F-436C-81A7-3629F9DDDD97}"
EndProject
Global
	GlobalSection(SolutionConfigurationPlatforms) = preSolution
		Debug|Any CPU = Debug|Any CPU
		Release|Any CPU = Release|Any CPU
	EndGlobalSection
	GlobalSection(ProjectConfigurationPlatforms) = postSolution
		{71749D4C-D58F-436C-81A7-3629F9DDDD97}.Debug|Any CPU.ActiveCfg = Debug|Any CPU
		{71749D4C-D58F-436C-81A7-3629F9DDDD97}.Debug|Any CPU.Build.0 = Debug|Any CPU
		{71749D4C-D58F-436C-81A7-3629F9DDDD97}.Release|Any CPU.ActiveCfg = Release|Any CPU
		{71749D4C-D58F-436C-81A7-3629F9DDDD97}.Release|Any CPU.Build.0 = Release|Any CPU
	EndGlobalSection
	GlobalSection(NestedProjects) = preSolution
		{71749D4C-D58F-436C-81A7-3629F9DDDD97} = {5AD1023E-2A92-4CDC-951D-170B77AD9DB2}
	EndGlobalSection
EndGlobal
